
Microsoft Visual Studio Solution File, Format Version 12.00
# Visual Studio Version 17
VisualStudioVersion = 17.8.34004.107
MinimumVisualStudioVersion = 10.0.40219.1
Project("{FAE04EC0-301F-11D3-BF4B-00C04F79EFBC}") = "Hotel Management project", "Hotel Management project\Hotel Management project.csproj", "{00460BAC-14C8-4ACB-A2E3-6E8A453EE14F}"
EndProject
Global
	GlobalSection(SolutionConfigurationPlatforms) = preSolution
		Debug|Any CPU = Debug|Any CPU
		Release|Any CPU = Release|Any CPU
	EndGlobalSection
	GlobalSection(ProjectConfigurationPlatforms) = postSolution
		{00460BAC-14C8-4ACB-A2E3-6E8A453EE14F}.Debug|Any CPU.ActiveCfg = Debug|Any CPU
		{00460BAC-14C8-4ACB-A2E3-6E8A453EE14F}.Debug|Any CPU.Build.0 = Debug|Any CPU
		{00460BAC-14C8-4ACB-A2E3-6E8A453EE14F}.Release|Any CPU.ActiveCfg = Release|Any CPU
		{00460BAC-14C8-4ACB-A2E3-6E8A453EE14F}.Release|Any CPU.Build.0 = Release|Any CPU
	EndGlobalSection
	GlobalSection(SolutionProperties) = preSolution
		HideSolutionNode = FALSE
	EndGlobalSection
	GlobalSection(ExtensibilityGlobals) = postSolution
		SolutionGuid = {8B4E1D51-E57B-44B5-B237-4EFC4F0B988D}
	EndGlobalSection
EndGlobal
